// !$*UTF8*$!
{
	archiveVersion = 1;
	classes = {
	};
	objectVersion = 46;
	objects = {

/* Begin PBXBuildFile section */
		3F5624AE801102F8ABC04310 /* Pods_Instagram.framework in Frameworks */ = {isa = PBXBuildFile; fileRef = C9555D0AB9C835BBD5DC94AC /* Pods_Instagram.framework */; };
		CA12D64E1E383EE500D260C3 /* GoogleService-Info.plist in Resources */ = {isa = PBXBuildFile; fileRef = CA12D64D1E383EE500D260C3 /* GoogleService-Info.plist */; };
		CA13F4181E386BDE00B7923F /* AdobeCreativeSDKCore.framework in Frameworks */ = {isa = PBXBuildFile; fileRef = CA13F4161E386BDE00B7923F /* AdobeCreativeSDKCore.framework */; };
		CA13F4191E386BDE00B7923F /* AdobeCreativeSDKImage.framework in Frameworks */ = {isa = PBXBuildFile; fileRef = CA13F4171E386BDE00B7923F /* AdobeCreativeSDKImage.framework */; };
		CA13F41B1E386C1300B7923F /* AdobeCreativeSDKCore.framework in Embed Frameworks */ = {isa = PBXBuildFile; fileRef = CA13F4161E386BDE00B7923F /* AdobeCreativeSDKCore.framework */; settings = {ATTRIBUTES = (CodeSignOnCopy, RemoveHeadersOnCopy, ); }; };
		CA13F41D1E386C1300B7923F /* AdobeCreativeSDKImage.framework in Embed Frameworks */ = {isa = PBXBuildFile; fileRef = CA13F4171E386BDE00B7923F /* AdobeCreativeSDKImage.framework */; settings = {ATTRIBUTES = (CodeSignOnCopy, RemoveHeadersOnCopy, ); }; };
		CA13F4201E386CA700B7923F /* libc++.tbd in Frameworks */ = {isa = PBXBuildFile; fileRef = CA13F41F1E386CA700B7923F /* libc++.tbd */; };
		CA13F4221E386CB600B7923F /* libz.tbd in Frameworks */ = {isa = PBXBuildFile; fileRef = CA13F4211E386CB600B7923F /* libz.tbd */; };
		CA13F4241E386CC200B7923F /* libz.1.2.5.tbd in Frameworks */ = {isa = PBXBuildFile; fileRef = CA13F4231E386CC200B7923F /* libz.1.2.5.tbd */; };
		CA13F4261E386CD600B7923F /* libsqlite3.0.tbd in Frameworks */ = {isa = PBXBuildFile; fileRef = CA13F4251E386CD600B7923F /* libsqlite3.0.tbd */; };
		CA13F4281E386CE600B7923F /* MobileCoreServices.framework in Frameworks */ = {isa = PBXBuildFile; fileRef = CA13F4271E386CE600B7923F /* MobileCoreServices.framework */; };
		CA13F42A1E386CF000B7923F /* SystemConfiguration.framework in Frameworks */ = {isa = PBXBuildFile; fileRef = CA13F4291E386CF000B7923F /* SystemConfiguration.framework */; };
		CA13F42C1E386CFD00B7923F /* Accelerate.framework in Frameworks */ = {isa = PBXBuildFile; fileRef = CA13F42B1E386CFD00B7923F /* Accelerate.framework */; };
		CA13F42E1E386D0800B7923F /* CoreData.framework in Frameworks */ = {isa = PBXBuildFile; fileRef = CA13F42D1E386D0800B7923F /* CoreData.framework */; };
		CA13F4301E386D1100B7923F /* MessageUI.framework in Frameworks */ = {isa = PBXBuildFile; fileRef = CA13F42F1E386D1100B7923F /* MessageUI.framework */; };
		CA13F4321E386D1B00B7923F /* OpenGLES.framework in Frameworks */ = {isa = PBXBuildFile; fileRef = CA13F4311E386D1B00B7923F /* OpenGLES.framework */; };
		CA13F4341E386D3300B7923F /* QuartzCore.framework in Frameworks */ = {isa = PBXBuildFile; fileRef = CA13F4331E386D3300B7923F /* QuartzCore.framework */; };
		CA13F4391E38818400B7923F /* Const.swift in Sources */ = {isa = PBXBuildFile; fileRef = CA13F4381E38818400B7923F /* Const.swift */; };
		CA13F43B1E38876500B7923F /* PostData.swift in Sources */ = {isa = PBXBuildFile; fileRef = CA13F43A1E38876500B7923F /* PostData.swift */; };
		CA13F4401E38880200B7923F /* PostTableViewCell.swift in Sources */ = {isa = PBXBuildFile; fileRef = CA13F43E1E38880200B7923F /* PostTableViewCell.swift */; };
		CA13F4411E38880200B7923F /* PostTableViewCell.xib in Resources */ = {isa = PBXBuildFile; fileRef = CA13F43F1E38880200B7923F /* PostTableViewCell.xib */; };
		CA793D4C1E3833050055E81E /* AppDelegate.swift in Sources */ = {isa = PBXBuildFile; fileRef = CA793D4B1E3833050055E81E /* AppDelegate.swift */; };
		CA793D4E1E3833050055E81E /* ViewController.swift in Sources */ = {isa = PBXBuildFile; fileRef = CA793D4D1E3833050055E81E /* ViewController.swift */; };
		CA793D511E3833050055E81E /* Main.storyboard in Resources */ = {isa = PBXBuildFile; fileRef = CA793D4F1E3833050055E81E /* Main.storyboard */; };
		CA793D531E3833050055E81E /* Assets.xcassets in Resources */ = {isa = PBXBuildFile; fileRef = CA793D521E3833050055E81E /* Assets.xcassets */; };
		CA793D561E3833050055E81E /* LaunchScreen.storyboard in Resources */ = {isa = PBXBuildFile; fileRef = CA793D541E3833050055E81E /* LaunchScreen.storyboard */; };
		CA793D5E1E3833760055E81E /* LoginViewController.swift in Sources */ = {isa = PBXBuildFile; fileRef = CA793D5D1E3833760055E81E /* LoginViewController.swift */; };
		CA793D601E3833AC0055E81E /* HomeViewController.swift in Sources */ = {isa = PBXBuildFile; fileRef = CA793D5F1E3833AC0055E81E /* HomeViewController.swift */; };
		CA793D621E3833BF0055E81E /* ImageSelectViewController.swift in Sources */ = {isa = PBXBuildFile; fileRef = CA793D611E3833BF0055E81E /* ImageSelectViewController.swift */; };
		CA793D641E3833D20055E81E /* PostViewController.swift in Sources */ = {isa = PBXBuildFile; fileRef = CA793D631E3833D20055E81E /* PostViewController.swift */; };
		CA793D661E3833E70055E81E /* SettingViewController.swift in Sources */ = {isa = PBXBuildFile; fileRef = CA793D651E3833E70055E81E /* SettingViewController.swift */; };
		CA845C3F1E3AEA1200380DF4 /* CommentData.swift in Sources */ = {isa = PBXBuildFile; fileRef = CA845C3E1E3AEA1200380DF4 /* CommentData.swift */; };
		CA845C411E3B176D00380DF4 /* ModalViewController.swift in Sources */ = {isa = PBXBuildFile; fileRef = CA845C401E3B176D00380DF4 /* ModalViewController.swift */; };
		CA9A31C21E39CA7E003640C5 /* CommentViewController.swift in Sources */ = {isa = PBXBuildFile; fileRef = CA9A31C11E39CA7E003640C5 /* CommentViewController.swift */; };
/* End PBXBuildFile section */

/* Begin PBXCopyFilesBuildPhase section */
		CA13F41E1E386C1300B7923F /* Embed Frameworks */ = {
			isa = PBXCopyFilesBuildPhase;
			buildActionMask = 2147483647;
			dstPath = "";
			dstSubfolderSpec = 10;
			files = (
				CA13F41D1E386C1300B7923F /* AdobeCreativeSDKImage.framework in Embed Frameworks */,
				CA13F41B1E386C1300B7923F /* AdobeCreativeSDKCore.framework in Embed Frameworks */,
			);
			name = "Embed Frameworks";
			runOnlyForDeploymentPostprocessing = 0;
		};
/* End PBXCopyFilesBuildPhase section */

/* Begin PBXFileReference section */
		C9555D0AB9C835BBD5DC94AC /* Pods_Instagram.framework */ = {isa = PBXFileReference; explicitFileType = wrapper.framework; includeInIndex = 0; path = Pods_Instagram.framework; sourceTree = BUILT_PRODUCTS_DIR; };
		CA12D64D1E383EE500D260C3 /* GoogleService-Info.plist */ = {isa = PBXFileReference; fileEncoding = 4; lastKnownFileType = text.plist.xml; path = "GoogleService-Info.plist"; sourceTree = "<group>"; };
		CA13F4161E386BDE00B7923F /* AdobeCreativeSDKCore.framework */ = {isa = PBXFileReference; lastKnownFileType = wrapper.framework; path = AdobeCreativeSDKCore.framework; sourceTree = "<group>"; };
		CA13F4171E386BDE00B7923F /* AdobeCreativeSDKImage.framework */ = {isa = PBXFileReference; lastKnownFileType = wrapper.framework; path = AdobeCreativeSDKImage.framework; sourceTree = "<group>"; };
		CA13F41F1E386CA700B7923F /* libc++.tbd */ = {isa = PBXFileReference; lastKnownFileType = "sourcecode.text-based-dylib-definition"; name = "libc++.tbd"; path = "usr/lib/libc++.tbd"; sourceTree = SDKROOT; };
		CA13F4211E386CB600B7923F /* libz.tbd */ = {isa = PBXFileReference; lastKnownFileType = "sourcecode.text-based-dylib-definition"; name = libz.tbd; path = usr/lib/libz.tbd; sourceTree = SDKROOT; };
		CA13F4231E386CC200B7923F /* libz.1.2.5.tbd */ = {isa = PBXFileReference; lastKnownFileType = "sourcecode.text-based-dylib-definition"; name = libz.1.2.5.tbd; path = usr/lib/libz.1.2.5.tbd; sourceTree = SDKROOT; };
		CA13F4251E386CD600B7923F /* libsqlite3.0.tbd */ = {isa = PBXFileReference; lastKnownFileType = "sourcecode.text-based-dylib-definition"; name = libsqlite3.0.tbd; path = usr/lib/libsqlite3.0.tbd; sourceTree = SDKROOT; };
		CA13F4271E386CE600B7923F /* MobileCoreServices.framework */ = {isa = PBXFileReference; lastKnownFileType = wrapper.framework; name = MobileCoreServices.framework; path = System/Library/Frameworks/MobileCoreServices.framework; sourceTree = SDKROOT; };
		CA13F4291E386CF000B7923F /* SystemConfiguration.framework */ = {isa = PBXFileReference; lastKnownFileType = wrapper.framework; name = SystemConfiguration.framework; path = System/Library/Frameworks/SystemConfiguration.framework; sourceTree = SDKROOT; };
		CA13F42B1E386CFD00B7923F /* Accelerate.framework */ = {isa = PBXFileReference; lastKnownFileType = wrapper.framework; name = Accelerate.framework; path = System/Library/Frameworks/Accelerate.framework; sourceTree = SDKROOT; };
		CA13F42D1E386D0800B7923F /* CoreData.framework */ = {isa = PBXFileReference; lastKnownFileType = wrapper.framework; name = CoreData.framework; path = System/Library/Frameworks/CoreData.framework; sourceTree = SDKROOT; };
		CA13F42F1E386D1100B7923F /* MessageUI.framework */ = {isa = PBXFileReference; lastKnownFileType = wrapper.framework; name = MessageUI.framework; path = System/Library/Frameworks/MessageUI.framework; sourceTree = SDKROOT; };
		CA13F4311E386D1B00B7923F /* OpenGLES.framework */ = {isa = PBXFileReference; lastKnownFileType = wrapper.framework; name = OpenGLES.framework; path = System/Library/Frameworks/OpenGLES.framework; sourceTree = SDKROOT; };
		CA13F4331E386D3300B7923F /* QuartzCore.framework */ = {isa = PBXFileReference; lastKnownFileType = wrapper.framework; name = QuartzCore.framework; path = System/Library/Frameworks/QuartzCore.framework; sourceTree = SDKROOT; };
		CA13F4371E386E1200B7923F /* Instagram-Bridging-Header.h */ = {isa = PBXFileReference; lastKnownFileType = sourcecode.c.h; path = "Instagram-Bridging-Header.h"; sourceTree = "<group>"; };
		CA13F4381E38818400B7923F /* Const.swift */ = {isa = PBXFileReference; fileEncoding = 4; lastKnownFileType = sourcecode.swift; path = Const.swift; sourceTree = "<group>"; };
		CA13F43A1E38876500B7923F /* PostData.swift */ = {isa = PBXFileReference; fileEncoding = 4; lastKnownFileType = sourcecode.swift; path = PostData.swift; sourceTree = "<group>"; };
		CA13F43E1E38880200B7923F /* PostTableViewCell.swift */ = {isa = PBXFileReference; fileEncoding = 4; lastKnownFileType = sourcecode.swift; path = PostTableViewCell.swift; sourceTree = "<group>"; };
		CA13F43F1E38880200B7923F /* PostTableViewCell.xib */ = {isa = PBXFileReference; fileEncoding = 4; lastKnownFileType = file.xib; path = PostTableViewCell.xib; sourceTree = "<group>"; };
		CA793D481E3833050055E81E /* Instagram.app */ = {isa = PBXFileReference; explicitFileType = wrapper.application; includeInIndex = 0; path = Instagram.app; sourceTree = BUILT_PRODUCTS_DIR; };
		CA793D4B1E3833050055E81E /* AppDelegate.swift */ = {isa = PBXFileReference; lastKnownFileType = sourcecode.swift; path = AppDelegate.swift; sourceTree = "<group>"; };
		CA793D4D1E3833050055E81E /* ViewController.swift */ = {isa = PBXFileReference; lastKnownFileType = sourcecode.swift; path = ViewController.swift; sourceTree = "<group>"; };
		CA793D501E3833050055E81E /* Base */ = {isa = PBXFileReference; lastKnownFileType = file.storyboard; name = Base; path = Base.lproj/Main.storyboard; sourceTree = "<group>"; };
		CA793D521E3833050055E81E /* Assets.xcassets */ = {isa = PBXFileReference; lastKnownFileType = folder.assetcatalog; path = Assets.xcassets; sourceTree = "<group>"; };
		CA793D551E3833050055E81E /* Base */ = {isa = PBXFileReference; lastKnownFileType = file.storyboard; name = Base; path = Base.lproj/LaunchScreen.storyboard; sourceTree = "<group>"; };
		CA793D571E3833050055E81E /* Info.plist */ = {isa = PBXFileReference; lastKnownFileType = text.plist.xml; path = Info.plist; sourceTree = "<group>"; };
		CA793D5D1E3833760055E81E /* LoginViewController.swift */ = {isa = PBXFileReference; fileEncoding = 4; lastKnownFileType = sourcecode.swift; path = LoginViewController.swift; sourceTree = "<group>"; };
		CA793D5F1E3833AC0055E81E /* HomeViewController.swift */ = {isa = PBXFileReference; fileEncoding = 4; lastKnownFileType = sourcecode.swift; path = HomeViewController.swift; sourceTree = "<group>"; };
		CA793D611E3833BF0055E81E /* ImageSelectViewController.swift */ = {isa = PBXFileReference; fileEncoding = 4; lastKnownFileType = sourcecode.swift; path = ImageSelectViewController.swift; sourceTree = "<group>"; };
		CA793D631E3833D20055E81E /* PostViewController.swift */ = {isa = PBXFileReference; fileEncoding = 4; lastKnownFileType = sourcecode.swift; path = PostViewController.swift; sourceTree = "<group>"; };
		CA793D651E3833E70055E81E /* SettingViewController.swift */ = {isa = PBXFileReference; fileEncoding = 4; lastKnownFileType = sourcecode.swift; path = SettingViewController.swift; sourceTree = "<group>"; };
		CA845C3E1E3AEA1200380DF4 /* CommentData.swift */ = {isa = PBXFileReference; fileEncoding = 4; lastKnownFileType = sourcecode.swift; path = CommentData.swift; sourceTree = "<group>"; };
		CA845C401E3B176D00380DF4 /* ModalViewController.swift */ = {isa = PBXFileReference; fileEncoding = 4; lastKnownFileType = sourcecode.swift; path = ModalViewController.swift; sourceTree = "<group>"; };
		CA9A31C11E39CA7E003640C5 /* CommentViewController.swift */ = {isa = PBXFileReference; fileEncoding = 4; lastKnownFileType = sourcecode.swift; path = CommentViewController.swift; sourceTree = "<group>"; };
		CD4206E687FC76E98BEA872E /* Pods-Instagram.release.xcconfig */ = {isa = PBXFileReference; includeInIndex = 1; lastKnownFileType = text.xcconfig; name = "Pods-Instagram.release.xcconfig"; path = "Pods/Target Support Files/Pods-Instagram/Pods-Instagram.release.xcconfig"; sourceTree = "<group>"; };
		D11949EC6B8DA63984C93CC9 /* Pods-Instagram.debug.xcconfig */ = {isa = PBXFileReference; includeInIndex = 1; lastKnownFileType = text.xcconfig; name = "Pods-Instagram.debug.xcconfig"; path = "Pods/Target Support Files/Pods-Instagram/Pods-Instagram.debug.xcconfig"; sourceTree = "<group>"; };
/* End PBXFileReference section */

/* Begin PBXFrameworksBuildPhase section */
		CA793D451E3833050055E81E /* Frameworks */ = {
			isa = PBXFrameworksBuildPhase;
			buildActionMask = 2147483647;
			files = (
				CA13F4341E386D3300B7923F /* QuartzCore.framework in Frameworks */,
				CA13F4321E386D1B00B7923F /* OpenGLES.framework in Frameworks */,
				CA13F4301E386D1100B7923F /* MessageUI.framework in Frameworks */,
				CA13F42E1E386D0800B7923F /* CoreData.framework in Frameworks */,
				CA13F42C1E386CFD00B7923F /* Accelerate.framework in Frameworks */,
				CA13F42A1E386CF000B7923F /* SystemConfiguration.framework in Frameworks */,
				CA13F4281E386CE600B7923F /* MobileCoreServices.framework in Frameworks */,
				CA13F4261E386CD600B7923F /* libsqlite3.0.tbd in Frameworks */,
				CA13F4241E386CC200B7923F /* libz.1.2.5.tbd in Frameworks */,
				CA13F4221E386CB600B7923F /* libz.tbd in Frameworks */,
				CA13F4201E386CA700B7923F /* libc++.tbd in Frameworks */,
				3F5624AE801102F8ABC04310 /* Pods_Instagram.framework in Frameworks */,
				CA13F4191E386BDE00B7923F /* AdobeCreativeSDKImage.framework in Frameworks */,
				CA13F4181E386BDE00B7923F /* AdobeCreativeSDKCore.framework in Frameworks */,
			);
			runOnlyForDeploymentPostprocessing = 0;
		};
/* End PBXFrameworksBuildPhase section */

/* Begin PBXGroup section */
		8BEAF1B31A185C2EAD6B394D /* Pods */ = {
			isa = PBXGroup;
			children = (
				D11949EC6B8DA63984C93CC9 /* Pods-Instagram.debug.xcconfig */,
				CD4206E687FC76E98BEA872E /* Pods-Instagram.release.xcconfig */,
			);
			name = Pods;
			sourceTree = "<group>";
		};
		CA793D3F1E3833050055E81E = {
			isa = PBXGroup;
			children = (
				CA793D4A1E3833050055E81E /* Instagram */,
				CA793D491E3833050055E81E /* Products */,
				8BEAF1B31A185C2EAD6B394D /* Pods */,
				FD188838273DB87652E93FFF /* Frameworks */,
			);
			sourceTree = "<group>";
		};
		CA793D491E3833050055E81E /* Products */ = {
			isa = PBXGroup;
			children = (
				CA793D481E3833050055E81E /* Instagram.app */,
			);
			name = Products;
			sourceTree = "<group>";
		};
		CA793D4A1E3833050055E81E /* Instagram */ = {
			isa = PBXGroup;
			children = (
				CA13F4161E386BDE00B7923F /* AdobeCreativeSDKCore.framework */,
				CA13F4171E386BDE00B7923F /* AdobeCreativeSDKImage.framework */,
				CA793D4B1E3833050055E81E /* AppDelegate.swift */,
				CA793D4D1E3833050055E81E /* ViewController.swift */,
				CA793D4F1E3833050055E81E /* Main.storyboard */,
				CA13F4381E38818400B7923F /* Const.swift */,
				CA793D521E3833050055E81E /* Assets.xcassets */,
				CA793D5D1E3833760055E81E /* LoginViewController.swift */,
				CA793D5F1E3833AC0055E81E /* HomeViewController.swift */,
				CA13F43A1E38876500B7923F /* PostData.swift */,
				CA793D611E3833BF0055E81E /* ImageSelectViewController.swift */,
				CA793D631E3833D20055E81E /* PostViewController.swift */,
				CA9A31C11E39CA7E003640C5 /* CommentViewController.swift */,
				CA845C401E3B176D00380DF4 /* ModalViewController.swift */,
				CA845C3E1E3AEA1200380DF4 /* CommentData.swift */,
				CA13F43E1E38880200B7923F /* PostTableViewCell.swift */,
				CA13F43F1E38880200B7923F /* PostTableViewCell.xib */,
				CA793D651E3833E70055E81E /* SettingViewController.swift */,
				CA793D541E3833050055E81E /* LaunchScreen.storyboard */,
				CA793D571E3833050055E81E /* Info.plist */,
				CA12D64D1E383EE500D260C3 /* GoogleService-Info.plist */,
				CA13F4371E386E1200B7923F /* Instagram-Bridging-Header.h */,
			);
			path = Instagram;
			sourceTree = "<group>";
		};
		FD188838273DB87652E93FFF /* Frameworks */ = {
			isa = PBXGroup;
			children = (
				CA13F4331E386D3300B7923F /* QuartzCore.framework */,
				CA13F4311E386D1B00B7923F /* OpenGLES.framework */,
				CA13F42F1E386D1100B7923F /* MessageUI.framework */,
				CA13F42D1E386D0800B7923F /* CoreData.framework */,
				CA13F42B1E386CFD00B7923F /* Accelerate.framework */,
				CA13F4291E386CF000B7923F /* SystemConfiguration.framework */,
				CA13F4271E386CE600B7923F /* MobileCoreServices.framework */,
				CA13F4251E386CD600B7923F /* libsqlite3.0.tbd */,
				CA13F4231E386CC200B7923F /* libz.1.2.5.tbd */,
				CA13F4211E386CB600B7923F /* libz.tbd */,
				CA13F41F1E386CA700B7923F /* libc++.tbd */,
				C9555D0AB9C835BBD5DC94AC /* Pods_Instagram.framework */,
			);
			name = Frameworks;
			sourceTree = "<group>";
		};
/* End PBXGroup section */

/* Begin PBXNativeTarget section */
		CA793D471E3833050055E81E /* Instagram */ = {
			isa = PBXNativeTarget;
			buildConfigurationList = CA793D5A1E3833050055E81E /* Build configuration list for PBXNativeTarget "Instagram" */;
			buildPhases = (
				6B8A55DD3D60753D31946037 /* [CP] Check Pods Manifest.lock */,
				CA793D441E3833050055E81E /* Sources */,
				CA793D451E3833050055E81E /* Frameworks */,
				CA793D461E3833050055E81E /* Resources */,
				3DDF6878BDF8BAEFCC5C54F5 /* [CP] Embed Pods Frameworks */,
				FEFA88B2BA3B7798F8C655B1 /* [CP] Copy Pods Resources */,
				CA13F41E1E386C1300B7923F /* Embed Frameworks */,
				CA13F4351E386D5000B7923F /* ShellScript */,
			);
			buildRules = (
			);
			dependencies = (
			);
			name = Instagram;
			productName = Instagram;
			productReference = CA793D481E3833050055E81E /* Instagram.app */;
			productType = "com.apple.product-type.application";
		};
/* End PBXNativeTarget section */

/* Begin PBXProject section */
		CA793D401E3833050055E81E /* Project object */ = {
			isa = PBXProject;
			attributes = {
				LastSwiftUpdateCheck = 0820;
				LastUpgradeCheck = 0820;
				ORGANIZATIONNAME = wkojiro;
				TargetAttributes = {
					CA793D471E3833050055E81E = {
						CreatedOnToolsVersion = 8.2.1;
						DevelopmentTeam = ML63AP5SQ7;
						ProvisioningStyle = Automatic;
					};
				};
			};
			buildConfigurationList = CA793D431E3833050055E81E /* Build configuration list for PBXProject "Instagram" */;
			compatibilityVersion = "Xcode 3.2";
			developmentRegion = English;
			hasScannedForEncodings = 0;
			knownRegions = (
				en,
				Base,
			);
			mainGroup = CA793D3F1E3833050055E81E;
			productRefGroup = CA793D491E3833050055E81E /* Products */;
			projectDirPath = "";
			projectRoot = "";
			targets = (
				CA793D471E3833050055E81E /* Instagram */,
			);
		};
/* End PBXProject section */

/* Begin PBXResourcesBuildPhase section */
		CA793D461E3833050055E81E /* Resources */ = {
			isa = PBXResourcesBuildPhase;
			buildActionMask = 2147483647;
			files = (
				CA793D561E3833050055E81E /* LaunchScreen.storyboard in Resources */,
				CA13F4411E38880200B7923F /* PostTableViewCell.xib in Resources */,
				CA12D64E1E383EE500D260C3 /* GoogleService-Info.plist in Resources */,
				CA793D531E3833050055E81E /* Assets.xcassets in Resources */,
				CA793D511E3833050055E81E /* Main.storyboard in Resources */,
			);
			runOnlyForDeploymentPostprocessing = 0;
		};
/* End PBXResourcesBuildPhase section */

/* Begin PBXShellScriptBuildPhase section */
		3DDF6878BDF8BAEFCC5C54F5 /* [CP] Embed Pods Frameworks */ = {
			isa = PBXShellScriptBuildPhase;
			buildActionMask = 2147483647;
			files = (
			);
			inputPaths = (
			);
			name = "[CP] Embed Pods Frameworks";
			outputPaths = (
			);
			runOnlyForDeploymentPostprocessing = 0;
			shellPath = /bin/sh;
			shellScript = "\"${SRCROOT}/Pods/Target Support Files/Pods-Instagram/Pods-Instagram-frameworks.sh\"\n";
			showEnvVarsInLog = 0;
		};
		6B8A55DD3D60753D31946037 /* [CP] Check Pods Manifest.lock */ = {
			isa = PBXShellScriptBuildPhase;
			buildActionMask = 2147483647;
			files = (
			);
			inputPaths = (
			);
			name = "[CP] Check Pods Manifest.lock";
			outputPaths = (
			);
			runOnlyForDeploymentPostprocessing = 0;
			shellPath = /bin/sh;
			shellScript = "diff \"${PODS_ROOT}/../Podfile.lock\" \"${PODS_ROOT}/Manifest.lock\" > /dev/null\nif [ $? != 0 ] ; then\n    # print error to STDERR\n    echo \"error: The sandbox is not in sync with the Podfile.lock. Run 'pod install' or update your CocoaPods installation.\" >&2\n    exit 1\nfi\n";
			showEnvVarsInLog = 0;
		};
		CA13F4351E386D5000B7923F /* ShellScript */ = {
			isa = PBXShellScriptBuildPhase;
			buildActionMask = 2147483647;
			files = (
			);
			inputPaths = (
			);
			outputPaths = (
			);
			runOnlyForDeploymentPostprocessing = 0;
			shellPath = /bin/sh;
			shellScript = "bash \"${BUILT_PRODUCTS_DIR}/${FRAMEWORKS_FOLDER_PATH}/AdobeCreativeSDKCore.framework/strip-frameworks.sh\"";
		};
		FEFA88B2BA3B7798F8C655B1 /* [CP] Copy Pods Resources */ = {
			isa = PBXShellScriptBuildPhase;
			buildActionMask = 2147483647;
			files = (
			);
			inputPaths = (
			);
			name = "[CP] Copy Pods Resources";
			outputPaths = (
			);
			runOnlyForDeploymentPostprocessing = 0;
			shellPath = /bin/sh;
			shellScript = "\"${SRCROOT}/Pods/Target Support Files/Pods-Instagram/Pods-Instagram-resources.sh\"\n";
			showEnvVarsInLog = 0;
		};
/* End PBXShellScriptBuildPhase section */

/* Begin PBXSourcesBuildPhase section */
		CA793D441E3833050055E81E /* Sources */ = {
			isa = PBXSourcesBuildPhase;
			buildActionMask = 2147483647;
			files = (
				CA793D641E3833D20055E81E /* PostViewController.swift in Sources */,
				CA845C3F1E3AEA1200380DF4 /* CommentData.swift in Sources */,
				CA13F43B1E38876500B7923F /* PostData.swift in Sources */,
				CA793D5E1E3833760055E81E /* LoginViewController.swift in Sources */,
				CA793D4E1E3833050055E81E /* ViewController.swift in Sources */,
				CA793D4C1E3833050055E81E /* AppDelegate.swift in Sources */,
				CA793D621E3833BF0055E81E /* ImageSelectViewController.swift in Sources */,
				CA13F4391E38818400B7923F /* Const.swift in Sources */,
				CA13F4401E38880200B7923F /* PostTableViewCell.swift in Sources */,
				CA845C411E3B176D00380DF4 /* ModalViewController.swift in Sources */,
				CA793D661E3833E70055E81E /* SettingViewController.swift in Sources */,
				CA793D601E3833AC0055E81E /* HomeViewController.swift in Sources */,
				CA9A31C21E39CA7E003640C5 /* CommentViewController.swift in Sources */,
			);
			runOnlyForDeploymentPostprocessing = 0;
		};
/* End PBXSourcesBuildPhase section */

/* Begin PBXVariantGroup section */
		CA793D4F1E3833050055E81E /* Main.storyboard */ = {
			isa = PBXVariantGroup;
			children = (
				CA793D501E3833050055E81E /* Base */,
			);
			name = Main.storyboard;
			sourceTree = "<group>";
		};
		CA793D541E3833050055E81E /* LaunchScreen.storyboard */ = {
			isa = PBXVariantGroup;
			children = (
				CA793D551E3833050055E81E /* Base */,
			);
			name = LaunchScreen.storyboard;
			sourceTree = "<group>";
		};
/* End PBXVariantGroup section */

/* Begin XCBuildConfiguration section */
		CA793D581E3833050055E81E /* Debug */ = {
			isa = XCBuildConfiguration;
			buildSettings = {
				ALWAYS_SEARCH_USER_PATHS = NO;
				CLANG_ANALYZER_NONNULL = YES;
				CLANG_CXX_LANGUAGE_STANDARD = "gnu++0x";
				CLANG_CXX_LIBRARY = "libc++";
				CLANG_ENABLE_MODULES = YES;
				CLANG_ENABLE_OBJC_ARC = YES;
				CLANG_WARN_BOOL_CONVERSION = YES;
				CLANG_WARN_CONSTANT_CONVERSION = YES;
				CLANG_WARN_DIRECT_OBJC_ISA_USAGE = YES_ERROR;
				CLANG_WARN_DOCUMENTATION_COMMENTS = YES;
				CLANG_WARN_EMPTY_BODY = YES;
				CLANG_WARN_ENUM_CONVERSION = YES;
				CLANG_WARN_INFINITE_RECURSION = YES;
				CLANG_WARN_INT_CONVERSION = YES;
				CLANG_WARN_OBJC_ROOT_CLASS = YES_ERROR;
				CLANG_WARN_SUSPICIOUS_MOVE = YES;
				CLANG_WARN_UNREACHABLE_CODE = YES;
				CLANG_WARN__DUPLICATE_METHOD_MATCH = YES;
				"CODE_SIGN_IDENTITY[sdk=iphoneos*]" = "iPhone Developer";
				COPY_PHASE_STRIP = NO;
				DEBUG_INFORMATION_FORMAT = dwarf;
				ENABLE_STRICT_OBJC_MSGSEND = YES;
				ENABLE_TESTABILITY = YES;
				GCC_C_LANGUAGE_STANDARD = gnu99;
				GCC_DYNAMIC_NO_PIC = NO;
				GCC_NO_COMMON_BLOCKS = YES;
				GCC_OPTIMIZATION_LEVEL = 0;
				GCC_PREPROCESSOR_DEFINITIONS = (
					"DEBUG=1",
					"$(inherited)",
				);
				GCC_WARN_64_TO_32_BIT_CONVERSION = YES;
				GCC_WARN_ABOUT_RETURN_TYPE = YES_ERROR;
				GCC_WARN_UNDECLARED_SELECTOR = YES;
				GCC_WARN_UNINITIALIZED_AUTOS = YES_AGGRESSIVE;
				GCC_WARN_UNUSED_FUNCTION = YES;
				GCC_WARN_UNUSED_VARIABLE = YES;
				IPHONEOS_DEPLOYMENT_TARGET = 10.2;
				MTL_ENABLE_DEBUG_INFO = YES;
				ONLY_ACTIVE_ARCH = YES;
				SDKROOT = iphoneos;
				SWIFT_ACTIVE_COMPILATION_CONDITIONS = DEBUG;
				SWIFT_OPTIMIZATION_LEVEL = "-Onone";
			};
			name = Debug;
		};
		CA793D591E3833050055E81E /* Release */ = {
			isa = XCBuildConfiguration;
			buildSettings = {
				ALWAYS_SEARCH_USER_PATHS = NO;
				CLANG_ANALYZER_NONNULL = YES;
				CLANG_CXX_LANGUAGE_STANDARD = "gnu++0x";
				CLANG_CXX_LIBRARY = "libc++";
				CLANG_ENABLE_MODULES = YES;
				CLANG_ENABLE_OBJC_ARC = YES;
				CLANG_WARN_BOOL_CONVERSION = YES;
				CLANG_WARN_CONSTANT_CONVERSION = YES;
				CLANG_WARN_DIRECT_OBJC_ISA_USAGE = YES_ERROR;
				CLANG_WARN_DOCUMENTATION_COMMENTS = YES;
				CLANG_WARN_EMPTY_BODY = YES;
				CLANG_WARN_ENUM_CONVERSION = YES;
				CLANG_WARN_INFINITE_RECURSION = YES;
				CLANG_WARN_INT_CONVERSION = YES;
				CLANG_WARN_OBJC_ROOT_CLASS = YES_ERROR;
				CLANG_WARN_SUSPICIOUS_MOVE = YES;
				CLANG_WARN_UNREACHABLE_CODE = YES;
				CLANG_WARN__DUPLICATE_METHOD_MATCH = YES;
				"CODE_SIGN_IDENTITY[sdk=iphoneos*]" = "iPhone Developer";
				COPY_PHASE_STRIP = NO;
				DEBUG_INFORMATION_FORMAT = "dwarf-with-dsym";
				ENABLE_NS_ASSERTIONS = NO;
				ENABLE_STRICT_OBJC_MSGSEND = YES;
				GCC_C_LANGUAGE_STANDARD = gnu99;
				GCC_NO_COMMON_BLOCKS = YES;
				GCC_WARN_64_TO_32_BIT_CONVERSION = YES;
				GCC_WARN_ABOUT_RETURN_TYPE = YES_ERROR;
				GCC_WARN_UNDECLARED_SELECTOR = YES;
				GCC_WARN_UNINITIALIZED_AUTOS = YES_AGGRESSIVE;
				GCC_WARN_UNUSED_FUNCTION = YES;
				GCC_WARN_UNUSED_VARIABLE = YES;
				IPHONEOS_DEPLOYMENT_TARGET = 10.2;
				MTL_ENABLE_DEBUG_INFO = NO;
				SDKROOT = iphoneos;
				SWIFT_OPTIMIZATION_LEVEL = "-Owholemodule";
				VALIDATE_PRODUCT = YES;
			};
			name = Release;
		};
		CA793D5B1E3833050055E81E /* Debug */ = {
			isa = XCBuildConfiguration;
			baseConfigurationReference = D11949EC6B8DA63984C93CC9 /* Pods-Instagram.debug.xcconfig */;
			buildSettings = {
				ASSETCATALOG_COMPILER_APPICON_NAME = AppIcon;
				DEVELOPMENT_TEAM = ML63AP5SQ7;
				FRAMEWORK_SEARCH_PATHS = (
					"$(inherited)",
					"$(PROJECT_DIR)",
					"$(PROJECT_DIR)/Instagram",
				);
				INFOPLIST_FILE = Instagram/Info.plist;
				LD_RUNPATH_SEARCH_PATHS = "$(inherited) @executable_path/Frameworks";
				PRODUCT_BUNDLE_IDENTIFIER = jp.techacademy.wkojiro.Instagram;
				PRODUCT_NAME = "$(TARGET_NAME)";
				SWIFT_OBJC_BRIDGING_HEADER = "Instagram/Instagram-Bridging-Header.h";
				SWIFT_VERSION = 3.0;
			};
			name = Debug;
		};
		CA793D5C1E3833050055E81E /* Release */ = {
			isa = XCBuildConfiguration;
			baseConfigurationReference = CD4206E687FC76E98BEA872E /* Pods-Instagram.release.xcconfig */;
			buildSettings = {
				ASSETCATALOG_COMPILER_APPICON_NAME = AppIcon;
				DEVELOPMENT_TEAM = ML63AP5SQ7;
				FRAMEWORK_SEARCH_PATHS = (
					"$(inherited)",
					"$(PROJECT_DIR)",
					"$(PROJECT_DIR)/Instagram",
				);
				INFOPLIST_FILE = Instagram/Info.plist;
				LD_RUNPATH_SEARCH_PATHS = "$(inherited) @executable_path/Frameworks";
				PRODUCT_BUNDLE_IDENTIFIER = jp.techacademy.wkojiro.Instagram;
				PRODUCT_NAME = "$(TARGET_NAME)";
				SWIFT_OBJC_BRIDGING_HEADER = "Instagram/Instagram-Bridging-Header.h";
				SWIFT_VERSION = 3.0;
			};
			name = Release;
		};
/* End XCBuildConfiguration section */

/* Begin XCConfigurationList section */
		CA793D431E3833050055E81E /* Build configuration list for PBXProject "Instagram" */ = {
			isa = XCConfigurationList;
			buildConfigurations = (
				CA793D581E3833050055E81E /* Debug */,
				CA793D591E3833050055E81E /* Release */,
			);
			defaultConfigurationIsVisible = 0;
			defaultConfigurationName = Release;
		};
		CA793D5A1E3833050055E81E /* Build configuration list for PBXNativeTarget "Instagram" */ = {
			isa = XCConfigurationList;
			buildConfigurations = (
				CA793D5B1E3833050055E81E /* Debug */,
				CA793D5C1E3833050055E81E /* Release */,
			);
			defaultConfigurationIsVisible = 0;
			defaultConfigurationName = Release;
		};
/* End XCConfigurationList section */
	};
	rootObject = CA793D401E3833050055E81E /* Project object */;
}
